
Microsoft Visual Studio Solution File, Format Version 12.00
# Visual Studio Version 16
VisualStudioVersion = 16.0.29215.179
MinimumVisualStudioVersion = 10.0.40219.1
Project("{FAE04EC0-301F-11D3-BF4B-00C04F79EFBC}") = "sh4texturetool", "sh4texturetool.csproj", "{8A419CCA-5F38-4D48-B231-BCFF0528AB94}"
EndProject
Global
	GlobalSection(SolutionConfigurationPlatforms) = preSolution
		Debug|Any CPU = Debug|Any CPU
		Release|Any CPU = Release|Any CPU
	EndGlobalSection
	GlobalSection(ProjectConfigurationPlatforms) = postSolution
		{8A419CCA-5F38-4D48-B231-BCFF0528AB94}.Debug|Any CPU.ActiveCfg = Debug|Any CPU
		{8A419CCA-5F38-4D48-B231-BCFF0528AB94}.Debug|Any CPU.Build.0 = Debug|Any CPU
		{8A419CCA-5F38-4D48-B231-BCFF0528AB94}.Release|Any CPU.ActiveCfg = Release|Any CPU
		{8A419CCA-5F38-4D48-B231-BCFF0528AB94}.Release|Any CPU.Build.0 = Release|Any CPU
	EndGlobalSection
	GlobalSection(SolutionProperties) = preSolution
		HideSolutionNode = FALSE
	EndGlobalSection
	GlobalSection(ExtensibilityGlobals) = postSolution
		SolutionGuid = {FE6B6323-3C42-4AE1-8FBD-998B9EA79EC2}
	EndGlobalSection
EndGlobal
